
Microsoft Visual Studio Solution File, Format Version 12.00
# Visual Studio 15
VisualStudioVersion = 15.0.26124.0
MinimumVisualStudioVersion = 15.0.26124.0
Project("{2150E333-8FDC-42A3-9474-1A3956D46DE8}") = ".paket", ".paket", "{64C2E83D-EA66-4188-94F4-1864FE41842C}"
	ProjectSection(SolutionItems) = preProject
		..\paket.dependencies = ..\paket.dependencies
		paket.dependencies = paket.dependencies
	EndProjectSection
EndProject
Project("{2150E333-8FDC-42A3-9474-1A3956D46DE8}") = "src", "src", "{81234839-FFE0-417C-A8D6-862D602396F5}"
EndProject
Project("{F2A71F9B-5D33-465A-A702-920D77279786}") = "Intent.Core", "src\Intent.Core\Intent.Core.fsproj", "{202DCF65-1BEA-4E9F-B7D3-7174EC020BE9}"
EndProject
Project("{2150E333-8FDC-42A3-9474-1A3956D46DE8}") = "test", "test", "{28C7305C-B35F-4D9B-9F86-0B3899ABAFC7}"
EndProject
Project("{F2A71F9B-5D33-465A-A702-920D77279786}") = "Intent.Core.Tests.Unit", "test\Intent.Core.Tests.Unit\Intent.Core.Tests.Unit.fsproj", "{FAAC00B1-DDFD-400D-827D-C43970617A68}"
EndProject
Project("{F2A71F9B-5D33-465A-A702-920D77279786}") = "Intent.InMemory", "src\Intent.InMemory\Intent.InMemory.fsproj", "{B079B810-3A5A-42B2-9AB3-B08A33A89F08}"
EndProject
Project("{F2A71F9B-5D33-465A-A702-920D77279786}") = "Intent.InMemory.Tests.Unit", "test\Intent.InMemory.Tests.Unit\Intent.InMemory.Tests.Unit.fsproj", "{08BC3D22-8040-4FB4-BD68-B26D3ADB4A92}"
EndProject
Project("{F2A71F9B-5D33-465A-A702-920D77279786}") = "Intent.MSSQL", "src\Intent.MSSQL\Intent.MSSQL.fsproj", "{D24A5B7B-AB23-4CDA-8710-AEE0CE9723E8}"
EndProject
Project("{F2A71F9B-5D33-465A-A702-920D77279786}") = "Intent.MSSQL.Tests", "test\Intent.MSSQL.Tests\Intent.MSSQL.Tests.fsproj", "{437C5A36-8E6A-40C5-B179-F12C147460B4}"
EndProject
Project("{F2A71F9B-5D33-465A-A702-920D77279786}") = "Intent.SqLite", "src\Intent.SqLite\Intent.SqLite.fsproj", "{B6B6A31A-FB96-4CC7-87E1-46F5CA110FA6}"
EndProject
Project("{F2A71F9B-5D33-465A-A702-920D77279786}") = "Intent.SqLite.Tests", "test\Intent.SqLite.Tests\Intent.SqLite.Tests.fsproj", "{CFD0A9E7-9B79-44E7-A185-738E9F1E9427}"
EndProject
Global
	GlobalSection(SolutionConfigurationPlatforms) = preSolution
		Debug|Any CPU = Debug|Any CPU
		Debug|x64 = Debug|x64
		Debug|x86 = Debug|x86
		Release|Any CPU = Release|Any CPU
		Release|x64 = Release|x64
		Release|x86 = Release|x86
	EndGlobalSection
	GlobalSection(SolutionProperties) = preSolution
		HideSolutionNode = FALSE
	EndGlobalSection
	GlobalSection(ProjectConfigurationPlatforms) = postSolution
		{202DCF65-1BEA-4E9F-B7D3-7174EC020BE9}.Debug|Any CPU.ActiveCfg = Debug|Any CPU
		{202DCF65-1BEA-4E9F-B7D3-7174EC020BE9}.Debug|Any CPU.Build.0 = Debug|Any CPU
		{202DCF65-1BEA-4E9F-B7D3-7174EC020BE9}.Debug|x64.ActiveCfg = Debug|Any CPU
		{202DCF65-1BEA-4E9F-B7D3-7174EC020BE9}.Debug|x64.Build.0 = Debug|Any CPU
		{202DCF65-1BEA-4E9F-B7D3-7174EC020BE9}.Debug|x86.ActiveCfg = Debug|Any CPU
		{202DCF65-1BEA-4E9F-B7D3-7174EC020BE9}.Debug|x86.Build.0 = Debug|Any CPU
		{202DCF65-1BEA-4E9F-B7D3-7174EC020BE9}.Release|Any CPU.ActiveCfg = Release|Any CPU
		{202DCF65-1BEA-4E9F-B7D3-7174EC020BE9}.Release|Any CPU.Build.0 = Release|Any CPU
		{202DCF65-1BEA-4E9F-B7D3-7174EC020BE9}.Release|x64.ActiveCfg = Release|Any CPU
		{202DCF65-1BEA-4E9F-B7D3-7174EC020BE9}.Release|x64.Build.0 = Release|Any CPU
		{202DCF65-1BEA-4E9F-B7D3-7174EC020BE9}.Release|x86.ActiveCfg = Release|Any CPU
		{202DCF65-1BEA-4E9F-B7D3-7174EC020BE9}.Release|x86.Build.0 = Release|Any CPU
		{FAAC00B1-DDFD-400D-827D-C43970617A68}.Debug|Any CPU.ActiveCfg = Debug|Any CPU
		{FAAC00B1-DDFD-400D-827D-C43970617A68}.Debug|Any CPU.Build.0 = Debug|Any CPU
		{FAAC00B1-DDFD-400D-827D-C43970617A68}.Debug|x64.ActiveCfg = Debug|Any CPU
		{FAAC00B1-DDFD-400D-827D-C43970617A68}.Debug|x64.Build.0 = Debug|Any CPU
		{FAAC00B1-DDFD-400D-827D-C43970617A68}.Debug|x86.ActiveCfg = Debug|Any CPU
		{FAAC00B1-DDFD-400D-827D-C43970617A68}.Debug|x86.Build.0 = Debug|Any CPU
		{FAAC00B1-DDFD-400D-827D-C43970617A68}.Release|Any CPU.ActiveCfg = Release|Any CPU
		{FAAC00B1-DDFD-400D-827D-C43970617A68}.Release|Any CPU.Build.0 = Release|Any CPU
		{FAAC00B1-DDFD-400D-827D-C43970617A68}.Release|x64.ActiveCfg = Release|Any CPU
		{FAAC00B1-DDFD-400D-827D-C43970617A68}.Release|x64.Build.0 = Release|Any CPU
		{FAAC00B1-DDFD-400D-827D-C43970617A68}.Release|x86.ActiveCfg = Release|Any CPU
		{FAAC00B1-DDFD-400D-827D-C43970617A68}.Release|x86.Build.0 = Release|Any CPU
		{B079B810-3A5A-42B2-9AB3-B08A33A89F08}.Debug|Any CPU.ActiveCfg = Debug|Any CPU
		{B079B810-3A5A-42B2-9AB3-B08A33A89F08}.Debug|Any CPU.Build.0 = Debug|Any CPU
		{B079B810-3A5A-42B2-9AB3-B08A33A89F08}.Debug|x64.ActiveCfg = Debug|Any CPU
		{B079B810-3A5A-42B2-9AB3-B08A33A89F08}.Debug|x64.Build.0 = Debug|Any CPU
		{B079B810-3A5A-42B2-9AB3-B08A33A89F08}.Debug|x86.ActiveCfg = Debug|Any CPU
		{B079B810-3A5A-42B2-9AB3-B08A33A89F08}.Debug|x86.Build.0 = Debug|Any CPU
		{B079B810-3A5A-42B2-9AB3-B08A33A89F08}.Release|Any CPU.ActiveCfg = Release|Any CPU
		{B079B810-3A5A-42B2-9AB3-B08A33A89F08}.Release|Any CPU.Build.0 = Release|Any CPU
		{B079B810-3A5A-42B2-9AB3-B08A33A89F08}.Release|x64.ActiveCfg = Release|Any CPU
		{B079B810-3A5A-42B2-9AB3-B08A33A89F08}.Release|x64.Build.0 = Release|Any CPU
		{B079B810-3A5A-42B2-9AB3-B08A33A89F08}.Release|x86.ActiveCfg = Release|Any CPU
		{B079B810-3A5A-42B2-9AB3-B08A33A89F08}.Release|x86.Build.0 = Release|Any CPU
		{08BC3D22-8040-4FB4-BD68-B26D3ADB4A92}.Debug|Any CPU.ActiveCfg = Debug|Any CPU
		{08BC3D22-8040-4FB4-BD68-B26D3ADB4A92}.Debug|Any CPU.Build.0 = Debug|Any CPU
		{08BC3D22-8040-4FB4-BD68-B26D3ADB4A92}.Debug|x64.ActiveCfg = Debug|Any CPU
		{08BC3D22-8040-4FB4-BD68-B26D3ADB4A92}.Debug|x64.Build.0 = Debug|Any CPU
		{08BC3D22-8040-4FB4-BD68-B26D3ADB4A92}.Debug|x86.ActiveCfg = Debug|Any CPU
		{08BC3D22-8040-4FB4-BD68-B26D3ADB4A92}.Debug|x86.Build.0 = Debug|Any CPU
		{08BC3D22-8040-4FB4-BD68-B26D3ADB4A92}.Release|Any CPU.ActiveCfg = Release|Any CPU
		{08BC3D22-8040-4FB4-BD68-B26D3ADB4A92}.Release|Any CPU.Build.0 = Release|Any CPU
		{08BC3D22-8040-4FB4-BD68-B26D3ADB4A92}.Release|x64.ActiveCfg = Release|Any CPU
		{08BC3D22-8040-4FB4-BD68-B26D3ADB4A92}.Release|x64.Build.0 = Release|Any CPU
		{08BC3D22-8040-4FB4-BD68-B26D3ADB4A92}.Release|x86.ActiveCfg = Release|Any CPU
		{08BC3D22-8040-4FB4-BD68-B26D3ADB4A92}.Release|x86.Build.0 = Release|Any CPU
		{D24A5B7B-AB23-4CDA-8710-AEE0CE9723E8}.Debug|Any CPU.ActiveCfg = Debug|Any CPU
		{D24A5B7B-AB23-4CDA-8710-AEE0CE9723E8}.Debug|Any CPU.Build.0 = Debug|Any CPU
		{D24A5B7B-AB23-4CDA-8710-AEE0CE9723E8}.Debug|x64.ActiveCfg = Debug|Any CPU
		{D24A5B7B-AB23-4CDA-8710-AEE0CE9723E8}.Debug|x64.Build.0 = Debug|Any CPU
		{D24A5B7B-AB23-4CDA-8710-AEE0CE9723E8}.Debug|x86.ActiveCfg = Debug|Any CPU
		{D24A5B7B-AB23-4CDA-8710-AEE0CE9723E8}.Debug|x86.Build.0 = Debug|Any CPU
		{D24A5B7B-AB23-4CDA-8710-AEE0CE9723E8}.Release|Any CPU.ActiveCfg = Release|Any CPU
		{D24A5B7B-AB23-4CDA-8710-AEE0CE9723E8}.Release|Any CPU.Build.0 = Release|Any CPU
		{D24A5B7B-AB23-4CDA-8710-AEE0CE9723E8}.Release|x64.ActiveCfg = Release|Any CPU
		{D24A5B7B-AB23-4CDA-8710-AEE0CE9723E8}.Release|x64.Build.0 = Release|Any CPU
		{D24A5B7B-AB23-4CDA-8710-AEE0CE9723E8}.Release|x86.ActiveCfg = Release|Any CPU
		{D24A5B7B-AB23-4CDA-8710-AEE0CE9723E8}.Release|x86.Build.0 = Release|Any CPU
		{437C5A36-8E6A-40C5-B179-F12C147460B4}.Debug|Any CPU.ActiveCfg = Debug|Any CPU
		{437C5A36-8E6A-40C5-B179-F12C147460B4}.Debug|Any CPU.Build.0 = Debug|Any CPU
		{437C5A36-8E6A-40C5-B179-F12C147460B4}.Debug|x64.ActiveCfg = Debug|Any CPU
		{437C5A36-8E6A-40C5-B179-F12C147460B4}.Debug|x64.Build.0 = Debug|Any CPU
		{437C5A36-8E6A-40C5-B179-F12C147460B4}.Debug|x86.ActiveCfg = Debug|Any CPU
		{437C5A36-8E6A-40C5-B179-F12C147460B4}.Debug|x86.Build.0 = Debug|Any CPU
		{437C5A36-8E6A-40C5-B179-F12C147460B4}.Release|Any CPU.ActiveCfg = Release|Any CPU
		{437C5A36-8E6A-40C5-B179-F12C147460B4}.Release|Any CPU.Build.0 = Release|Any CPU
		{437C5A36-8E6A-40C5-B179-F12C147460B4}.Release|x64.ActiveCfg = Release|Any CPU
		{437C5A36-8E6A-40C5-B179-F12C147460B4}.Release|x64.Build.0 = Release|Any CPU
		{437C5A36-8E6A-40C5-B179-F12C147460B4}.Release|x86.ActiveCfg = Release|Any CPU
		{437C5A36-8E6A-40C5-B179-F12C147460B4}.Release|x86.Build.0 = Release|Any CPU
		{B6B6A31A-FB96-4CC7-87E1-46F5CA110FA6}.Debug|Any CPU.ActiveCfg = Debug|Any CPU
		{B6B6A31A-FB96-4CC7-87E1-46F5CA110FA6}.Debug|Any CPU.Build.0 = Debug|Any CPU
		{B6B6A31A-FB96-4CC7-87E1-46F5CA110FA6}.Debug|x64.ActiveCfg = Debug|Any CPU
		{B6B6A31A-FB96-4CC7-87E1-46F5CA110FA6}.Debug|x64.Build.0 = Debug|Any CPU
		{B6B6A31A-FB96-4CC7-87E1-46F5CA110FA6}.Debug|x86.ActiveCfg = Debug|Any CPU
		{B6B6A31A-FB96-4CC7-87E1-46F5CA110FA6}.Debug|x86.Build.0 = Debug|Any CPU
		{B6B6A31A-FB96-4CC7-87E1-46F5CA110FA6}.Release|Any CPU.ActiveCfg = Release|Any CPU
		{B6B6A31A-FB96-4CC7-87E1-46F5CA110FA6}.Release|Any CPU.Build.0 = Release|Any CPU
		{B6B6A31A-FB96-4CC7-87E1-46F5CA110FA6}.Release|x64.ActiveCfg = Release|Any CPU
		{B6B6A31A-FB96-4CC7-87E1-46F5CA110FA6}.Release|x64.Build.0 = Release|Any CPU
		{B6B6A31A-FB96-4CC7-87E1-46F5CA110FA6}.Release|x86.ActiveCfg = Release|Any CPU
		{B6B6A31A-FB96-4CC7-87E1-46F5CA110FA6}.Release|x86.Build.0 = Release|Any CPU
		{CFD0A9E7-9B79-44E7-A185-738E9F1E9427}.Debug|Any CPU.ActiveCfg = Debug|Any CPU
		{CFD0A9E7-9B79-44E7-A185-738E9F1E9427}.Debug|Any CPU.Build.0 = Debug|Any CPU
		{CFD0A9E7-9B79-44E7-A185-738E9F1E9427}.Debug|x64.ActiveCfg = Debug|Any CPU
		{CFD0A9E7-9B79-44E7-A185-738E9F1E9427}.Debug|x64.Build.0 = Debug|Any CPU
		{CFD0A9E7-9B79-44E7-A185-738E9F1E9427}.Debug|x86.ActiveCfg = Debug|Any CPU
		{CFD0A9E7-9B79-44E7-A185-738E9F1E9427}.Debug|x86.Build.0 = Debug|Any CPU
		{CFD0A9E7-9B79-44E7-A185-738E9F1E9427}.Release|Any CPU.ActiveCfg = Release|Any CPU
		{CFD0A9E7-9B79-44E7-A185-738E9F1E9427}.Release|Any CPU.Build.0 = Release|Any CPU
		{CFD0A9E7-9B79-44E7-A185-738E9F1E9427}.Release|x64.ActiveCfg = Release|Any CPU
		{CFD0A9E7-9B79-44E7-A185-738E9F1E9427}.Release|x64.Build.0 = Release|Any CPU
		{CFD0A9E7-9B79-44E7-A185-738E9F1E9427}.Release|x86.ActiveCfg = Release|Any CPU
		{CFD0A9E7-9B79-44E7-A185-738E9F1E9427}.Release|x86.Build.0 = Release|Any CPU
	EndGlobalSection
	GlobalSection(NestedProjects) = preSolution
		{202DCF65-1BEA-4E9F-B7D3-7174EC020BE9} = {81234839-FFE0-417C-A8D6-862D602396F5}
		{FAAC00B1-DDFD-400D-827D-C43970617A68} = {28C7305C-B35F-4D9B-9F86-0B3899ABAFC7}
		{B079B810-3A5A-42B2-9AB3-B08A33A89F08} = {81234839-FFE0-417C-A8D6-862D602396F5}
		{08BC3D22-8040-4FB4-BD68-B26D3ADB4A92} = {28C7305C-B35F-4D9B-9F86-0B3899ABAFC7}
		{D24A5B7B-AB23-4CDA-8710-AEE0CE9723E8} = {81234839-FFE0-417C-A8D6-862D602396F5}
		{437C5A36-8E6A-40C5-B179-F12C147460B4} = {28C7305C-B35F-4D9B-9F86-0B3899ABAFC7}
		{B6B6A31A-FB96-4CC7-87E1-46F5CA110FA6} = {81234839-FFE0-417C-A8D6-862D602396F5}
		{CFD0A9E7-9B79-44E7-A185-738E9F1E9427} = {28C7305C-B35F-4D9B-9F86-0B3899ABAFC7}
	EndGlobalSection
EndGlobal
